
Microsoft Visual Studio Solution File, Format Version 12.00
# Visual Studio Version 17
VisualStudioVersion = 17.11.35222.181
MinimumVisualStudioVersion = 10.0.40219.1
Project("{FAE04EC0-301F-11D3-BF4B-00C04F79EFBC}") = "BlazorApp8", "BlazorApp8\BlazorApp8.csproj", "{7EEC0943-DB4F-42CA-8259-B0F1495FB42E}"
EndProject
Global
	GlobalSection(SolutionConfigurationPlatforms) = preSolution
		Debug|Any CPU = Debug|Any CPU
		Release|Any CPU = Release|Any CPU
	EndGlobalSection
	GlobalSection(ProjectConfigurationPlatforms) = postSolution
		{7EEC0943-DB4F-42CA-8259-B0F1495FB42E}.Debug|Any CPU.ActiveCfg = Debug|Any CPU
		{7EEC0943-DB4F-42CA-8259-B0F1495FB42E}.Debug|Any CPU.Build.0 = Debug|Any CPU
		{7EEC0943-DB4F-42CA-8259-B0F1495FB42E}.Release|Any CPU.ActiveCfg = Release|Any CPU
		{7EEC0943-DB4F-42CA-8259-B0F1495FB42E}.Release|Any CPU.Build.0 = Release|Any CPU
	EndGlobalSection
	GlobalSection(SolutionProperties) = preSolution
		HideSolutionNode = FALSE
	EndGlobalSection
	GlobalSection(ExtensibilityGlobals) = postSolution
		SolutionGuid = {7509496A-EDE9-42A6-BB47-A0C16DE91721}
	EndGlobalSection
EndGlobal
